
Microsoft Visual Studio Solution File, Format Version 12.00
# Visual Studio Version 16
VisualStudioVersion = 16.0.28922.388
MinimumVisualStudioVersion = 10.0.40219.1
Project("{FAE04EC0-301F-11D3-BF4B-00C04F79EFBC}") = "OnlineShoppingStore.Domain", "OnlineShoppingStore.Domain\OnlineShoppingStore.Domain.csproj", "{6351EFB8-D130-4C24-8F53-E47EE164FE6A}"
EndProject
Project("{FAE04EC0-301F-11D3-BF4B-00C04F79EFBC}") = "OnlineShoppingStore.WebUI", "OnlineShoppingStore.WebUI\OnlineShoppingStore.WebUI.csproj", "{AA7A3443-F880-4333-A976-E586763FE5EF}"
EndProject
Global
	GlobalSection(SolutionConfigurationPlatforms) = preSolution
		Debug|Any CPU = Debug|Any CPU
		Release|Any CPU = Release|Any CPU
	EndGlobalSection
	GlobalSection(ProjectConfigurationPlatforms) = postSolution
		{6351EFB8-D130-4C24-8F53-E47EE164FE6A}.Debug|Any CPU.ActiveCfg = Debug|Any CPU
		{6351EFB8-D130-4C24-8F53-E47EE164FE6A}.Debug|Any CPU.Build.0 = Debug|Any CPU
		{6351EFB8-D130-4C24-8F53-E47EE164FE6A}.Release|Any CPU.ActiveCfg = Release|Any CPU
		{6351EFB8-D130-4C24-8F53-E47EE164FE6A}.Release|Any CPU.Build.0 = Release|Any CPU
		{AA7A3443-F880-4333-A976-E586763FE5EF}.Debug|Any CPU.ActiveCfg = Debug|Any CPU
		{AA7A3443-F880-4333-A976-E586763FE5EF}.Debug|Any CPU.Build.0 = Debug|Any CPU
		{AA7A3443-F880-4333-A976-E586763FE5EF}.Release|Any CPU.ActiveCfg = Release|Any CPU
		{AA7A3443-F880-4333-A976-E586763FE5EF}.Release|Any CPU.Build.0 = Release|Any CPU
	EndGlobalSection
	GlobalSection(SolutionProperties) = preSolution
		HideSolutionNode = FALSE
	EndGlobalSection
	GlobalSection(ExtensibilityGlobals) = postSolution
		SolutionGuid = {86DB33DB-3DDA-491C-9B2A-731BDB68A950}
	EndGlobalSection
EndGlobal
